
Microsoft Visual Studio Solution File, Format Version 12.00
# Visual Studio Version 17
VisualStudioVersion = 17.2.32505.173
MinimumVisualStudioVersion = 10.0.40219.1
Project("{FAE04EC0-301F-11D3-BF4B-00C04F79EFBC}") = "What Day is it", "What Day is it\What Day is it.csproj", "{5C0702F9-330E-4AA2-94E4-E1CA9E9CF9B0}"
EndProject
Global
	GlobalSection(SolutionConfigurationPlatforms) = preSolution
		Debug|Any CPU = Debug|Any CPU
		Release|Any CPU = Release|Any CPU
	EndGlobalSection
	GlobalSection(ProjectConfigurationPlatforms) = postSolution
		{5C0702F9-330E-4AA2-94E4-E1CA9E9CF9B0}.Debug|Any CPU.ActiveCfg = Debug|Any CPU
		{5C0702F9-330E-4AA2-94E4-E1CA9E9CF9B0}.Debug|Any CPU.Build.0 = Debug|Any CPU
		{5C0702F9-330E-4AA2-94E4-E1CA9E9CF9B0}.Release|Any CPU.ActiveCfg = Release|Any CPU
		{5C0702F9-330E-4AA2-94E4-E1CA9E9CF9B0}.Release|Any CPU.Build.0 = Release|Any CPU
	EndGlobalSection
	GlobalSection(SolutionProperties) = preSolution
		HideSolutionNode = FALSE
	EndGlobalSection
	GlobalSection(ExtensibilityGlobals) = postSolution
		SolutionGuid = {224DC71E-3C17-4CFE-AD5D-5F2F8BAA06AB}
	EndGlobalSection
EndGlobal
